
Microsoft Visual Studio Solution File, Format Version 12.00
# Visual Studio Version 16
VisualStudioVersion = 16.0.31515.178
MinimumVisualStudioVersion = 10.0.40219.1
Project("{FAE04EC0-301F-11D3-BF4B-00C04F79EFBC}") = "GrundlæggendeProgrammering", "GrundlæggendeProgrammering\GrundlæggendeProgrammering.csproj", "{C950BF1B-B50B-4165-9BC0-CB177AB2191D}"
EndProject
Global
	GlobalSection(SolutionConfigurationPlatforms) = preSolution
		Debug|Any CPU = Debug|Any CPU
		Release|Any CPU = Release|Any CPU
	EndGlobalSection
	GlobalSection(ProjectConfigurationPlatforms) = postSolution
		{C950BF1B-B50B-4165-9BC0-CB177AB2191D}.Debug|Any CPU.ActiveCfg = Debug|Any CPU
		{C950BF1B-B50B-4165-9BC0-CB177AB2191D}.Debug|Any CPU.Build.0 = Debug|Any CPU
		{C950BF1B-B50B-4165-9BC0-CB177AB2191D}.Release|Any CPU.ActiveCfg = Release|Any CPU
		{C950BF1B-B50B-4165-9BC0-CB177AB2191D}.Release|Any CPU.Build.0 = Release|Any CPU
	EndGlobalSection
	GlobalSection(SolutionProperties) = preSolution
		HideSolutionNode = FALSE
	EndGlobalSection
	GlobalSection(ExtensibilityGlobals) = postSolution
		SolutionGuid = {A21D37AE-15D5-4AA6-B03C-5D3874A5D4C2}
	EndGlobalSection
EndGlobal
