
Microsoft Visual Studio Solution File, Format Version 12.00
# Visual Studio Version 16
VisualStudioVersion = 16.0.31229.75
MinimumVisualStudioVersion = 10.0.40219.1
Project("{FAE04EC0-301F-11D3-BF4B-00C04F79EFBC}") = "datastørelse", "datastørelse.csproj", "{6D935C96-42A4-4CEC-B848-0BD10F915ACF}"
EndProject
Global
	GlobalSection(SolutionConfigurationPlatforms) = preSolution
		Debug|Any CPU = Debug|Any CPU
		Release|Any CPU = Release|Any CPU
	EndGlobalSection
	GlobalSection(ProjectConfigurationPlatforms) = postSolution
		{6D935C96-42A4-4CEC-B848-0BD10F915ACF}.Debug|Any CPU.ActiveCfg = Debug|Any CPU
		{6D935C96-42A4-4CEC-B848-0BD10F915ACF}.Debug|Any CPU.Build.0 = Debug|Any CPU
		{6D935C96-42A4-4CEC-B848-0BD10F915ACF}.Release|Any CPU.ActiveCfg = Release|Any CPU
		{6D935C96-42A4-4CEC-B848-0BD10F915ACF}.Release|Any CPU.Build.0 = Release|Any CPU
	EndGlobalSection
	GlobalSection(SolutionProperties) = preSolution
		HideSolutionNode = FALSE
	EndGlobalSection
	GlobalSection(ExtensibilityGlobals) = postSolution
		SolutionGuid = {5C3A967C-1D71-40AF-B316-FC04C3A15308}
	EndGlobalSection
EndGlobal
